
Microsoft Visual Studio Solution File, Format Version 12.00
# Visual Studio Version 16
VisualStudioVersion = 16.0.31229.75
MinimumVisualStudioVersion = 10.0.40219.1
Project("{9A19103F-16F7-4668-BE54-9A1E7A4F7556}") = "SzamlazzHuSDK", "SzamlazzHuSDK\SzamlazzHuSDK.csproj", "{23963858-27A9-458D-A758-82A58C673D91}"
EndProject
Project("{9A19103F-16F7-4668-BE54-9A1E7A4F7556}") = "SzamlazzHuTest", "SzamlazzHuTest\SzamlazzHuTest.csproj", "{82D6085B-6C4B-468E-B99B-6802295CD5EE}"
EndProject
Global
	GlobalSection(SolutionConfigurationPlatforms) = preSolution
		Debug|Any CPU = Debug|Any CPU
		Release|Any CPU = Release|Any CPU
	EndGlobalSection
	GlobalSection(ProjectConfigurationPlatforms) = postSolution
		{23963858-27A9-458D-A758-82A58C673D91}.Debug|Any CPU.ActiveCfg = Debug|Any CPU
		{23963858-27A9-458D-A758-82A58C673D91}.Debug|Any CPU.Build.0 = Debug|Any CPU
		{23963858-27A9-458D-A758-82A58C673D91}.Release|Any CPU.ActiveCfg = Release|Any CPU
		{23963858-27A9-458D-A758-82A58C673D91}.Release|Any CPU.Build.0 = Release|Any CPU
		{82D6085B-6C4B-468E-B99B-6802295CD5EE}.Debug|Any CPU.ActiveCfg = Debug|Any CPU
		{82D6085B-6C4B-468E-B99B-6802295CD5EE}.Debug|Any CPU.Build.0 = Debug|Any CPU
		{82D6085B-6C4B-468E-B99B-6802295CD5EE}.Release|Any CPU.ActiveCfg = Release|Any CPU
		{82D6085B-6C4B-468E-B99B-6802295CD5EE}.Release|Any CPU.Build.0 = Release|Any CPU
	EndGlobalSection
	GlobalSection(SolutionProperties) = preSolution
		HideSolutionNode = FALSE
	EndGlobalSection
	GlobalSection(ExtensibilityGlobals) = postSolution
		SolutionGuid = {ECD8952B-A6A9-4AAD-9B84-BAAA63B1705D}
	EndGlobalSection
EndGlobal
